{
      "name": "@matrixage/picpic",
      "version": "1.0.0",
      "lockfileVersion": 1,
      "requires": true,
      "dependencies": {
            "@nodelib/fs.scandir": {
                  "version": "2.1.3",
                  "resolved": "https://registry.npm.taobao.org/@nodelib/fs.scandir/download/@nodelib/fs.scandir-2.1.3.tgz",
                  "integrity": "sha1-Olgr21OATGum0UZXnEblITDPSjs=",
                  "dev": true,
                  "requires": {
                        "@nodelib/fs.stat": "2.0.3",
                        "run-parallel": "^1.1.9"
                  }
            },
            "@nodelib/fs.stat": {
                  "version": "2.0.3",
                  "resolved": "https://registry.npm.taobao.org/@nodelib/fs.stat/download/@nodelib/fs.stat-2.0.3.tgz",
                  "integrity": "sha1-NNxfTKu8cg9OYPdadH5+zWwXW9M=",
                  "dev": true
            },
            "@nodelib/fs.walk": {
                  "version": "1.2.4",
                  "resolved": "https://registry.npm.taobao.org/@nodelib/fs.walk/download/@nodelib/fs.walk-1.2.4.tgz",
                  "integrity": "sha1-ARuSAqcKY2bkNspcBlhEUoqwSXY=",
                  "dev": true,
                  "requires": {
                        "@nodelib/fs.scandir": "2.1.3",
                        "fastq": "^1.6.0"
                  }
            },
            "ansi-regex": {
                  "version": "5.0.0",
                  "resolved": "https://registry.npm.taobao.org/ansi-regex/download/ansi-regex-5.0.0.tgz",
                  "integrity": "sha1-OIU59VF5vzkznIGvMKZU1p+Hy3U=",
                  "dev": true
            },
            "ansi-styles": {
                  "version": "4.3.0",
                  "resolved": "https://registry.npm.taobao.org/ansi-styles/download/ansi-styles-4.3.0.tgz?cache=0&sync_timestamp=1606792371412&other_urls=https%3A%2F%2Fregistry.npm.taobao.org%2Fansi-styles%2Fdownload%2Fansi-styles-4.3.0.tgz",
                  "integrity": "sha1-7dgDYornHATIWuegkG7a00tkiTc=",
                  "dev": true,
                  "requires": {
                        "color-convert": "^2.0.1"
                  }
            },
            "array-union": {
                  "version": "2.1.0",
                  "resolved": "https://registry.npm.taobao.org/array-union/download/array-union-2.1.0.tgz",
                  "integrity": "sha1-t5hCCtvrHego2ErNii4j0+/oXo0=",
                  "dev": true
            },
            "at-least-node": {
                  "version": "1.0.0",
                  "resolved": "https://registry.npm.taobao.org/at-least-node/download/at-least-node-1.0.0.tgz",
                  "integrity": "sha1-YCzUtG6EStTv/JKoARo8RuAjjcI=",
                  "dev": true
            },
            "braces": {
                  "version": "3.0.2",
                  "resolved": "https://registry.npm.taobao.org/braces/download/braces-3.0.2.tgz",
                  "integrity": "sha1-NFThpGLujVmeI23zNs2epPiv4Qc=",
                  "dev": true,
                  "requires": {
                        "fill-range": "^7.0.1"
                  }
            },
            "cliui": {
                  "version": "7.0.4",
                  "resolved": "https://registry.npm.taobao.org/cliui/download/cliui-7.0.4.tgz?cache=0&sync_timestamp=1604880249159&other_urls=https%3A%2F%2Fregistry.npm.taobao.org%2Fcliui%2Fdownload%2Fcliui-7.0.4.tgz",
                  "integrity": "sha1-oCZe5lVHb8gHrqnfPfjfd4OAi08=",
                  "dev": true,
                  "requires": {
                        "string-width": "^4.2.0",
                        "strip-ansi": "^6.0.0",
                        "wrap-ansi": "^7.0.0"
                  }
            },
            "color-convert": {
                  "version": "2.0.1",
                  "resolved": "https://registry.npm.taobao.org/color-convert/download/color-convert-2.0.1.tgz",
                  "integrity": "sha1-ctOmjVmMm9s68q0ehPIdiWq9TeM=",
                  "dev": true,
                  "requires": {
                        "color-name": "~1.1.4"
                  }
            },
            "color-name": {
                  "version": "1.1.4",
                  "resolved": "https://registry.npm.taobao.org/color-name/download/color-name-1.1.4.tgz",
                  "integrity": "sha1-wqCah6y95pVD3m9j+jmVyCbFNqI=",
                  "dev": true
            },
            "dir-glob": {
                  "version": "3.0.1",
                  "resolved": "https://registry.npm.taobao.org/dir-glob/download/dir-glob-3.0.1.tgz",
                  "integrity": "sha1-Vtv3PZkqSpO6FYT0U0Bj/S5BcX8=",
                  "dev": true,
                  "requires": {
                        "path-type": "^4.0.0"
                  }
            },
            "dree": {
                  "version": "2.5.0",
                  "resolved": "https://registry.npm.taobao.org/dree/download/dree-2.5.0.tgz",
                  "integrity": "sha1-UkFnO1OnWOxCEngwqFdPKhdFBVU=",
                  "dev": true,
                  "requires": {
                        "yargs": "^16.1.0"
                  }
            },
            "emoji-regex": {
                  "version": "8.0.0",
                  "resolved": "https://registry.npm.taobao.org/emoji-regex/download/emoji-regex-8.0.0.tgz",
                  "integrity": "sha1-6Bj9ac5cz8tARZT4QpY79TFkzDc=",
                  "dev": true
            },
            "escalade": {
                  "version": "3.1.1",
                  "resolved": "https://registry.npm.taobao.org/escalade/download/escalade-3.1.1.tgz?cache=0&sync_timestamp=1602567343144&other_urls=https%3A%2F%2Fregistry.npm.taobao.org%2Fescalade%2Fdownload%2Fescalade-3.1.1.tgz",
                  "integrity": "sha1-2M/ccACWXFoBdLSoLqpcBVJ0LkA=",
                  "dev": true
            },
            "fast-glob": {
                  "version": "3.2.4",
                  "resolved": "https://registry.npm.taobao.org/fast-glob/download/fast-glob-3.2.4.tgz",
                  "integrity": "sha1-0grvv5lXk4Pn88xmUpFYybmFVNM=",
                  "dev": true,
                  "requires": {
                        "@nodelib/fs.stat": "^2.0.2",
                        "@nodelib/fs.walk": "^1.2.3",
                        "glob-parent": "^5.1.0",
                        "merge2": "^1.3.0",
                        "micromatch": "^4.0.2",
                        "picomatch": "^2.2.1"
                  }
            },
            "fastq": {
                  "version": "1.9.0",
                  "resolved": "https://registry.npm.taobao.org/fastq/download/fastq-1.9.0.tgz?cache=0&sync_timestamp=1603877264633&other_urls=https%3A%2F%2Fregistry.npm.taobao.org%2Ffastq%2Fdownload%2Ffastq-1.9.0.tgz",
                  "integrity": "sha1-4Wpy8zjqykjpG1wjWTvMLvZreUc=",
                  "dev": true,
                  "requires": {
                        "reusify": "^1.0.4"
                  }
            },
            "fill-range": {
                  "version": "7.0.1",
                  "resolved": "https://registry.npm.taobao.org/fill-range/download/fill-range-7.0.1.tgz",
                  "integrity": "sha1-GRmmp8df44ssfHflGYU12prN2kA=",
                  "dev": true,
                  "requires": {
                        "to-regex-range": "^5.0.1"
                  }
            },
            "fs-extra": {
                  "version": "9.0.1",
                  "resolved": "https://registry.npm.taobao.org/fs-extra/download/fs-extra-9.0.1.tgz",
                  "integrity": "sha1-kQ2gBiQ3ukw5/t2GPxZ1zP78ufw=",
                  "dev": true,
                  "requires": {
                        "at-least-node": "^1.0.0",
                        "graceful-fs": "^4.2.0",
                        "jsonfile": "^6.0.1",
                        "universalify": "^1.0.0"
                  }
            },
            "get-caller-file": {
                  "version": "2.0.5",
                  "resolved": "https://registry.npm.taobao.org/get-caller-file/download/get-caller-file-2.0.5.tgz",
                  "integrity": "sha1-T5RBKoLbMvNuOwuXQfipf+sDH34=",
                  "dev": true
            },
            "glob-parent": {
                  "version": "5.1.1",
                  "resolved": "https://registry.npm.taobao.org/glob-parent/download/glob-parent-5.1.1.tgz",
                  "integrity": "sha1-tsHvQXxOVmPqSY8cRa+saRa7wik=",
                  "dev": true,
                  "requires": {
                        "is-glob": "^4.0.1"
                  }
            },
            "globby": {
                  "version": "11.0.1",
                  "resolved": "https://registry.npm.taobao.org/globby/download/globby-11.0.1.tgz",
                  "integrity": "sha1-mivxB6Bo8//qvEmtcCx57ejP01c=",
                  "dev": true,
                  "requires": {
                        "array-union": "^2.1.0",
                        "dir-glob": "^3.0.1",
                        "fast-glob": "^3.1.1",
                        "ignore": "^5.1.4",
                        "merge2": "^1.3.0",
                        "slash": "^3.0.0"
                  }
            },
            "graceful-fs": {
                  "version": "4.2.4",
                  "resolved": "https://registry.npm.taobao.org/graceful-fs/download/graceful-fs-4.2.4.tgz",
                  "integrity": "sha1-Ila94U02MpWMRl68ltxGfKB6Kfs=",
                  "dev": true
            },
            "ignore": {
                  "version": "5.1.8",
                  "resolved": "https://registry.npm.taobao.org/ignore/download/ignore-5.1.8.tgz",
                  "integrity": "sha1-8VCotQo0KJsz4i9YiavU2AFvDlc=",
                  "dev": true
            },
            "imageinfo": {
                  "version": "1.0.4",
                  "resolved": "https://registry.npm.taobao.org/imageinfo/download/imageinfo-1.0.4.tgz",
                  "integrity": "sha1-HdJFbsuW/DlfCqEXnEZ9+z1deio=",
                  "dev": true
            },
            "is-extglob": {
                  "version": "2.1.1",
                  "resolved": "https://registry.npm.taobao.org/is-extglob/download/is-extglob-2.1.1.tgz",
                  "integrity": "sha1-qIwCU1eR8C7TfHahueqXc8gz+MI=",
                  "dev": true
            },
            "is-fullwidth-code-point": {
                  "version": "3.0.0",
                  "resolved": "https://registry.npm.taobao.org/is-fullwidth-code-point/download/is-fullwidth-code-point-3.0.0.tgz",
                  "integrity": "sha1-8Rb4Bk/pCz94RKOJl8C3UFEmnx0=",
                  "dev": true
            },
            "is-glob": {
                  "version": "4.0.1",
                  "resolved": "https://registry.npm.taobao.org/is-glob/download/is-glob-4.0.1.tgz",
                  "integrity": "sha1-dWfb6fL14kZ7x3q4PEopSCQHpdw=",
                  "dev": true,
                  "requires": {
                        "is-extglob": "^2.1.1"
                  }
            },
            "is-number": {
                  "version": "7.0.0",
                  "resolved": "https://registry.npm.taobao.org/is-number/download/is-number-7.0.0.tgz",
                  "integrity": "sha1-dTU0W4lnNNX4DE0GxQlVUnoU8Ss=",
                  "dev": true
            },
            "jsonfile": {
                  "version": "6.1.0",
                  "resolved": "https://registry.npm.taobao.org/jsonfile/download/jsonfile-6.1.0.tgz?cache=0&sync_timestamp=1604161876665&other_urls=https%3A%2F%2Fregistry.npm.taobao.org%2Fjsonfile%2Fdownload%2Fjsonfile-6.1.0.tgz",
                  "integrity": "sha1-vFWyY0eTxnnsZAMJTrE2mKbsCq4=",
                  "dev": true,
                  "requires": {
                        "graceful-fs": "^4.1.6",
                        "universalify": "^2.0.0"
                  },
                  "dependencies": {
                        "universalify": {
                              "version": "2.0.0",
                              "resolved": "https://registry.npm.taobao.org/universalify/download/universalify-2.0.0.tgz?cache=0&sync_timestamp=1603180004159&other_urls=https%3A%2F%2Fregistry.npm.taobao.org%2Funiversalify%2Fdownload%2Funiversalify-2.0.0.tgz",
                              "integrity": "sha1-daSYTv7cSwiXXFrrc/Uw0C3yVxc=",
                              "dev": true
                        }
                  }
            },
            "merge2": {
                  "version": "1.4.1",
                  "resolved": "https://registry.npm.taobao.org/merge2/download/merge2-1.4.1.tgz",
                  "integrity": "sha1-Q2iJL4hekHRVpv19xVwMnUBJkK4=",
                  "dev": true
            },
            "micromatch": {
                  "version": "4.0.2",
                  "resolved": "https://registry.npm.taobao.org/micromatch/download/micromatch-4.0.2.tgz",
                  "integrity": "sha1-T8sJmb+fvC/L3SEvbWKbmlbDklk=",
                  "dev": true,
                  "requires": {
                        "braces": "^3.0.1",
                        "picomatch": "^2.0.5"
                  }
            },
            "path-type": {
                  "version": "4.0.0",
                  "resolved": "https://registry.npm.taobao.org/path-type/download/path-type-4.0.0.tgz",
                  "integrity": "sha1-hO0BwKe6OAr+CdkKjBgNzZ0DBDs=",
                  "dev": true
            },
            "picomatch": {
                  "version": "2.2.2",
                  "resolved": "https://registry.npm.taobao.org/picomatch/download/picomatch-2.2.2.tgz",
                  "integrity": "sha1-IfMz6ba46v8CRo9RRupAbTRfTa0=",
                  "dev": true
            },
            "require-directory": {
                  "version": "2.1.1",
                  "resolved": "https://registry.npm.taobao.org/require-directory/download/require-directory-2.1.1.tgz",
                  "integrity": "sha1-jGStX9MNqxyXbiNE/+f3kqam30I=",
                  "dev": true
            },
            "reusify": {
                  "version": "1.0.4",
                  "resolved": "https://registry.npm.taobao.org/reusify/download/reusify-1.0.4.tgz",
                  "integrity": "sha1-kNo4Kx4SbvwCFG6QhFqI2xKSXXY=",
                  "dev": true
            },
            "run-parallel": {
                  "version": "1.1.10",
                  "resolved": "https://registry.npm.taobao.org/run-parallel/download/run-parallel-1.1.10.tgz?cache=0&sync_timestamp=1603768296140&other_urls=https%3A%2F%2Fregistry.npm.taobao.org%2Frun-parallel%2Fdownload%2Frun-parallel-1.1.10.tgz",
                  "integrity": "sha1-YKUbKug2Y2yBN33xbLEHNRvNE+8=",
                  "dev": true
            },
            "slash": {
                  "version": "3.0.0",
                  "resolved": "https://registry.npm.taobao.org/slash/download/slash-3.0.0.tgz",
                  "integrity": "sha1-ZTm+hwwWWtvVJAIg2+Nh8bxNRjQ=",
                  "dev": true
            },
            "string-width": {
                  "version": "4.2.0",
                  "resolved": "https://registry.npm.taobao.org/string-width/download/string-width-4.2.0.tgz",
                  "integrity": "sha1-lSGCxGzHssMT0VluYjmSvRY7crU=",
                  "dev": true,
                  "requires": {
                        "emoji-regex": "^8.0.0",
                        "is-fullwidth-code-point": "^3.0.0",
                        "strip-ansi": "^6.0.0"
                  }
            },
            "strip-ansi": {
                  "version": "6.0.0",
                  "resolved": "https://registry.npm.taobao.org/strip-ansi/download/strip-ansi-6.0.0.tgz",
                  "integrity": "sha1-CxVx3XZpzNTz4G4U7x7tJiJa5TI=",
                  "dev": true,
                  "requires": {
                        "ansi-regex": "^5.0.0"
                  }
            },
            "to-regex-range": {
                  "version": "5.0.1",
                  "resolved": "https://registry.npm.taobao.org/to-regex-range/download/to-regex-range-5.0.1.tgz",
                  "integrity": "sha1-FkjESq58jZiKMmAY7XL1tN0DkuQ=",
                  "dev": true,
                  "requires": {
                        "is-number": "^7.0.0"
                  }
            },
            "universalify": {
                  "version": "1.0.0",
                  "resolved": "https://registry.npm.taobao.org/universalify/download/universalify-1.0.0.tgz?cache=0&sync_timestamp=1603180004159&other_urls=https%3A%2F%2Fregistry.npm.taobao.org%2Funiversalify%2Fdownload%2Funiversalify-1.0.0.tgz",
                  "integrity": "sha1-thodoXPoQ1sv48Z9Kbmt+FlL0W0=",
                  "dev": true
            },
            "wrap-ansi": {
                  "version": "7.0.0",
                  "resolved": "https://registry.npm.taobao.org/wrap-ansi/download/wrap-ansi-7.0.0.tgz",
                  "integrity": "sha1-Z+FFz/UQpqaYS98RUpEdadLrnkM=",
                  "dev": true,
                  "requires": {
                        "ansi-styles": "^4.0.0",
                        "string-width": "^4.1.0",
                        "strip-ansi": "^6.0.0"
                  }
            },
            "y18n": {
                  "version": "5.0.5",
                  "resolved": "https://registry.npm.taobao.org/y18n/download/y18n-5.0.5.tgz?cache=0&sync_timestamp=1606778018853&other_urls=https%3A%2F%2Fregistry.npm.taobao.org%2Fy18n%2Fdownload%2Fy18n-5.0.5.tgz",
                  "integrity": "sha1-h2nsCNA7HqLfJQCs71YXQ7u5qxg=",
                  "dev": true
            },
            "yargs": {
                  "version": "16.2.0",
                  "resolved": "https://registry.npm.taobao.org/yargs/download/yargs-16.2.0.tgz?cache=0&sync_timestamp=1607208071729&other_urls=https%3A%2F%2Fregistry.npm.taobao.org%2Fyargs%2Fdownload%2Fyargs-16.2.0.tgz",
                  "integrity": "sha1-HIK/D2tqZur85+8w43b0mhJHf2Y=",
                  "dev": true,
                  "requires": {
                        "cliui": "^7.0.2",
                        "escalade": "^3.1.1",
                        "get-caller-file": "^2.0.5",
                        "require-directory": "^2.1.1",
                        "string-width": "^4.2.0",
                        "y18n": "^5.0.5",
                        "yargs-parser": "^20.2.2"
                  }
            },
            "yargs-parser": {
                  "version": "20.2.4",
                  "resolved": "https://registry.npm.taobao.org/yargs-parser/download/yargs-parser-20.2.4.tgz",
                  "integrity": "sha1-tCiQ8UVmeW+Fro46JSkNIF8VSlQ=",
                  "dev": true
            }
      }
}
