# THIS IS AN AUTOGENERATED FILE. DO NOT EDIT THIS FILE DIRECTLY.
# yarn lockfile v1


"@nodelib/fs.scandir@2.1.3":
  version "2.1.3"
  resolved "https://registry.npm.taobao.org/@nodelib/fs.scandir/download/@nodelib/fs.scandir-2.1.3.tgz#3a582bdb53804c6ba6d146579c46e52130cf4a3b"
  integrity sha1-Olgr21OATGum0UZXnEblITDPSjs=
  dependencies:
    "@nodelib/fs.stat" "2.0.3"
    run-parallel "^1.1.9"

"@nodelib/fs.stat@2.0.3", "@nodelib/fs.stat@^2.0.2":
  version "2.0.3"
  resolved "https://registry.npm.taobao.org/@nodelib/fs.stat/download/@nodelib/fs.stat-2.0.3.tgz#34dc5f4cabbc720f4e60f75a747e7ecd6c175bd3"
  integrity sha1-NNxfTKu8cg9OYPdadH5+zWwXW9M=

"@nodelib/fs.walk@^1.2.3":
  version "1.2.4"
  resolved "https://registry.npm.taobao.org/@nodelib/fs.walk/download/@nodelib/fs.walk-1.2.4.tgz#011b9202a70a6366e436ca5c065844528ab04976"
  integrity sha1-ARuSAqcKY2bkNspcBlhEUoqwSXY=
  dependencies:
    "@nodelib/fs.scandir" "2.1.3"
    fastq "^1.6.0"

array-union@^2.1.0:
  version "2.1.0"
  resolved "https://registry.npm.taobao.org/array-union/download/array-union-2.1.0.tgz#b798420adbeb1de828d84acd8a2e23d3efe85e8d"
  integrity sha1-t5hCCtvrHego2ErNii4j0+/oXo0=

braces@^3.0.1:
  version "3.0.2"
  resolved "https://registry.npm.taobao.org/braces/download/braces-3.0.2.tgz#3454e1a462ee8d599e236df336cd9ea4f8afe107"
  integrity sha1-NFThpGLujVmeI23zNs2epPiv4Qc=
  dependencies:
    fill-range "^7.0.1"

ci-info@^1.5.0:
  version "1.6.0"
  resolved "https://registry.npm.taobao.org/ci-info/download/ci-info-1.6.0.tgz#2ca20dbb9ceb32d4524a683303313f0304b1e497"
  integrity sha1-LKINu5zrMtRSSmgzAzE/AwSx5Jc=

cross-spawn@^5.0.1:
  version "5.1.0"
  resolved "https://registry.npm.taobao.org/cross-spawn/download/cross-spawn-5.1.0.tgz#e8bd0efee58fcff6f8f94510a0a554bbfa235449"
  integrity sha1-6L0O/uWPz/b4+UUQoKVUu/ojVEk=
  dependencies:
    lru-cache "^4.0.1"
    shebang-command "^1.2.0"
    which "^1.2.9"

dir-glob@^3.0.1:
  version "3.0.1"
  resolved "https://registry.npm.taobao.org/dir-glob/download/dir-glob-3.0.1.tgz#56dbf73d992a4a93ba1584f4534063fd2e41717f"
  integrity sha1-Vtv3PZkqSpO6FYT0U0Bj/S5BcX8=
  dependencies:
    path-type "^4.0.0"

execa@^0.8.0:
  version "0.8.0"
  resolved "https://registry.npm.taobao.org/execa/download/execa-0.8.0.tgz?cache=0&sync_timestamp=1606971095699&other_urls=https%3A%2F%2Fregistry.npm.taobao.org%2Fexeca%2Fdownload%2Fexeca-0.8.0.tgz#d8d76bbc1b55217ed190fd6dd49d3c774ecfc8da"
  integrity sha1-2NdrvBtVIX7RkP1t1J08d07PyNo=
  dependencies:
    cross-spawn "^5.0.1"
    get-stream "^3.0.0"
    is-stream "^1.1.0"
    npm-run-path "^2.0.0"
    p-finally "^1.0.0"
    signal-exit "^3.0.0"
    strip-eof "^1.0.0"

fast-glob@^3.1.1:
  version "3.2.4"
  resolved "https://registry.npm.taobao.org/fast-glob/download/fast-glob-3.2.4.tgz#d20aefbf99579383e7f3cc66529158c9b98554d3"
  integrity sha1-0grvv5lXk4Pn88xmUpFYybmFVNM=
  dependencies:
    "@nodelib/fs.stat" "^2.0.2"
    "@nodelib/fs.walk" "^1.2.3"
    glob-parent "^5.1.0"
    merge2 "^1.3.0"
    micromatch "^4.0.2"
    picomatch "^2.2.1"

fastq@^1.6.0:
  version "1.9.0"
  resolved "https://registry.npm.taobao.org/fastq/download/fastq-1.9.0.tgz?cache=0&sync_timestamp=1603877264633&other_urls=https%3A%2F%2Fregistry.npm.taobao.org%2Ffastq%2Fdownload%2Ffastq-1.9.0.tgz#e16a72f338eaca48e91b5c23593bcc2ef66b7947"
  integrity sha1-4Wpy8zjqykjpG1wjWTvMLvZreUc=
  dependencies:
    reusify "^1.0.4"

fill-range@^7.0.1:
  version "7.0.1"
  resolved "https://registry.npm.taobao.org/fill-range/download/fill-range-7.0.1.tgz#1919a6a7c75fe38b2c7c77e5198535da9acdda40"
  integrity sha1-GRmmp8df44ssfHflGYU12prN2kA=
  dependencies:
    to-regex-range "^5.0.1"

get-stream@^3.0.0:
  version "3.0.0"
  resolved "https://registry.npm.taobao.org/get-stream/download/get-stream-3.0.0.tgz?cache=0&sync_timestamp=1597056585216&other_urls=https%3A%2F%2Fregistry.npm.taobao.org%2Fget-stream%2Fdownload%2Fget-stream-3.0.0.tgz#8e943d1358dc37555054ecbe2edb05aa174ede14"
  integrity sha1-jpQ9E1jcN1VQVOy+LtsFqhdO3hQ=

glob-parent@^5.1.0:
  version "5.1.1"
  resolved "https://registry.npm.taobao.org/glob-parent/download/glob-parent-5.1.1.tgz#b6c1ef417c4e5663ea498f1c45afac6916bbc229"
  integrity sha1-tsHvQXxOVmPqSY8cRa+saRa7wik=
  dependencies:
    is-glob "^4.0.1"

globby@^11.0.1:
  version "11.0.1"
  resolved "https://registry.npm.taobao.org/globby/download/globby-11.0.1.tgz#9a2bf107a068f3ffeabc49ad702c79ede8cfd357"
  integrity sha1-mivxB6Bo8//qvEmtcCx57ejP01c=
  dependencies:
    array-union "^2.1.0"
    dir-glob "^3.0.1"
    fast-glob "^3.1.1"
    ignore "^5.1.4"
    merge2 "^1.3.0"
    slash "^3.0.0"

ignore@^5.1.4:
  version "5.1.8"
  resolved "https://registry.npm.taobao.org/ignore/download/ignore-5.1.8.tgz#f150a8b50a34289b33e22f5889abd4d8016f0e57"
  integrity sha1-8VCotQo0KJsz4i9YiavU2AFvDlc=

is-ci@^1.0.10:
  version "1.2.1"
  resolved "https://registry.npm.taobao.org/is-ci/download/is-ci-1.2.1.tgz#e3779c8ee17fccf428488f6e281187f2e632841c"
  integrity sha1-43ecjuF/zPQoSI9uKBGH8uYyhBw=
  dependencies:
    ci-info "^1.5.0"

is-extglob@^2.1.1:
  version "2.1.1"
  resolved "https://registry.npm.taobao.org/is-extglob/download/is-extglob-2.1.1.tgz#a88c02535791f02ed37c76a1b9ea9773c833f8c2"
  integrity sha1-qIwCU1eR8C7TfHahueqXc8gz+MI=

is-glob@^4.0.1:
  version "4.0.1"
  resolved "https://registry.npm.taobao.org/is-glob/download/is-glob-4.0.1.tgz#7567dbe9f2f5e2467bc77ab83c4a29482407a5dc"
  integrity sha1-dWfb6fL14kZ7x3q4PEopSCQHpdw=
  dependencies:
    is-extglob "^2.1.1"

is-number@^7.0.0:
  version "7.0.0"
  resolved "https://registry.npm.taobao.org/is-number/download/is-number-7.0.0.tgz#7535345b896734d5f80c4d06c50955527a14f12b"
  integrity sha1-dTU0W4lnNNX4DE0GxQlVUnoU8Ss=

is-stream@^1.1.0:
  version "1.1.0"
  resolved "https://registry.npm.taobao.org/is-stream/download/is-stream-1.1.0.tgz#12d4a3dd4e68e0b79ceb8dbc84173ae80d91ca44"
  integrity sha1-EtSj3U5o4Lec6428hBc66A2RykQ=

isexe@^2.0.0:
  version "2.0.0"
  resolved "https://registry.npm.taobao.org/isexe/download/isexe-2.0.0.tgz#e8fbf374dc556ff8947a10dcb0572d633f2cfa10"
  integrity sha1-6PvzdNxVb/iUehDcsFctYz8s+hA=

lru-cache@^4.0.1:
  version "4.1.5"
  resolved "https://registry.npm.taobao.org/lru-cache/download/lru-cache-4.1.5.tgz#8bbe50ea85bed59bc9e33dcab8235ee9bcf443cd"
  integrity sha1-i75Q6oW+1ZvJ4z3KuCNe6bz0Q80=
  dependencies:
    pseudomap "^1.0.2"
    yallist "^2.1.2"

merge2@^1.3.0:
  version "1.4.1"
  resolved "https://registry.npm.taobao.org/merge2/download/merge2-1.4.1.tgz#4368892f885e907455a6fd7dc55c0c9d404990ae"
  integrity sha1-Q2iJL4hekHRVpv19xVwMnUBJkK4=

micromatch@^4.0.2:
  version "4.0.2"
  resolved "https://registry.npm.taobao.org/micromatch/download/micromatch-4.0.2.tgz#4fcb0999bf9fbc2fcbdd212f6d629b9a56c39259"
  integrity sha1-T8sJmb+fvC/L3SEvbWKbmlbDklk=
  dependencies:
    braces "^3.0.1"
    picomatch "^2.0.5"

normalize-path@^1.0.0:
  version "1.0.0"
  resolved "https://registry.npm.taobao.org/normalize-path/download/normalize-path-1.0.0.tgz#32d0e472f91ff345701c15a8311018d3b0a90379"
  integrity sha1-MtDkcvkf80VwHBWoMRAY07CpA3k=

npm-run-path@^2.0.0:
  version "2.0.2"
  resolved "https://registry.npm.taobao.org/npm-run-path/download/npm-run-path-2.0.2.tgz#35a9232dfa35d7067b4cb2ddf2357b1871536c5f"
  integrity sha1-NakjLfo11wZ7TLLd8jV7GHFTbF8=
  dependencies:
    path-key "^2.0.0"

p-finally@^1.0.0:
  version "1.0.0"
  resolved "https://registry.npm.taobao.org/p-finally/download/p-finally-1.0.0.tgz#3fbcfb15b899a44123b34b6dcc18b724336a2cae"
  integrity sha1-P7z7FbiZpEEjs0ttzBi3JDNqLK4=

path-key@^2.0.0:
  version "2.0.1"
  resolved "https://registry.npm.taobao.org/path-key/download/path-key-2.0.1.tgz#411cadb574c5a140d3a4b1910d40d80cc9f40b40"
  integrity sha1-QRyttXTFoUDTpLGRDUDYDMn0C0A=

path-type@^4.0.0:
  version "4.0.0"
  resolved "https://registry.npm.taobao.org/path-type/download/path-type-4.0.0.tgz#84ed01c0a7ba380afe09d90a8c180dcd9d03043b"
  integrity sha1-hO0BwKe6OAr+CdkKjBgNzZ0DBDs=

picomatch@^2.0.5, picomatch@^2.2.1:
  version "2.2.2"
  resolved "https://registry.npm.taobao.org/picomatch/download/picomatch-2.2.2.tgz#21f333e9b6b8eaff02468f5146ea406d345f4dad"
  integrity sha1-IfMz6ba46v8CRo9RRupAbTRfTa0=

pseudomap@^1.0.2:
  version "1.0.2"
  resolved "https://registry.npm.taobao.org/pseudomap/download/pseudomap-1.0.2.tgz#f052a28da70e618917ef0a8ac34c1ae5a68286b3"
  integrity sha1-8FKijacOYYkX7wqKw0wa5aaChrM=

reusify@^1.0.4:
  version "1.0.4"
  resolved "https://registry.npm.taobao.org/reusify/download/reusify-1.0.4.tgz#90da382b1e126efc02146e90845a88db12925d76"
  integrity sha1-kNo4Kx4SbvwCFG6QhFqI2xKSXXY=

run-parallel@^1.1.9:
  version "1.1.10"
  resolved "https://registry.npm.taobao.org/run-parallel/download/run-parallel-1.1.10.tgz?cache=0&sync_timestamp=1603768296140&other_urls=https%3A%2F%2Fregistry.npm.taobao.org%2Frun-parallel%2Fdownload%2Frun-parallel-1.1.10.tgz#60a51b2ae836636c81377df16cb107351bcd13ef"
  integrity sha1-YKUbKug2Y2yBN33xbLEHNRvNE+8=

shebang-command@^1.2.0:
  version "1.2.0"
  resolved "https://registry.npm.taobao.org/shebang-command/download/shebang-command-1.2.0.tgz#44aac65b695b03398968c39f363fee5deafdf1ea"
  integrity sha1-RKrGW2lbAzmJaMOfNj/uXer98eo=
  dependencies:
    shebang-regex "^1.0.0"

shebang-regex@^1.0.0:
  version "1.0.0"
  resolved "https://registry.npm.taobao.org/shebang-regex/download/shebang-regex-1.0.0.tgz#da42f49740c0b42db2ca9728571cb190c98efea3"
  integrity sha1-2kL0l0DAtC2yypcoVxyxkMmO/qM=

signal-exit@^3.0.0:
  version "3.0.3"
  resolved "https://registry.npm.taobao.org/signal-exit/download/signal-exit-3.0.3.tgz?cache=0&sync_timestamp=1592843131591&other_urls=https%3A%2F%2Fregistry.npm.taobao.org%2Fsignal-exit%2Fdownload%2Fsignal-exit-3.0.3.tgz#a1410c2edd8f077b08b4e253c8eacfcaf057461c"
  integrity sha1-oUEMLt2PB3sItOJTyOrPyvBXRhw=

slash@^3.0.0:
  version "3.0.0"
  resolved "https://registry.npm.taobao.org/slash/download/slash-3.0.0.tgz#6539be870c165adbd5240220dbe361f1bc4d4634"
  integrity sha1-ZTm+hwwWWtvVJAIg2+Nh8bxNRjQ=

strip-eof@^1.0.0:
  version "1.0.0"
  resolved "https://registry.npm.taobao.org/strip-eof/download/strip-eof-1.0.0.tgz#bb43ff5598a6eb05d89b59fcd129c983313606bf"
  integrity sha1-u0P/VZim6wXYm1n80SnJgzE2Br8=

strip-indent@^2.0.0:
  version "2.0.0"
  resolved "https://registry.npm.taobao.org/strip-indent/download/strip-indent-2.0.0.tgz#5ef8db295d01e6ed6cbf7aab96998d7822527b68"
  integrity sha1-XvjbKV0B5u1sv3qrlpmNeCJSe2g=

to-regex-range@^5.0.1:
  version "5.0.1"
  resolved "https://registry.npm.taobao.org/to-regex-range/download/to-regex-range-5.0.1.tgz#1648c44aae7c8d988a326018ed72f5b4dd0392e4"
  integrity sha1-FkjESq58jZiKMmAY7XL1tN0DkuQ=
  dependencies:
    is-number "^7.0.0"

which@^1.2.9:
  version "1.3.1"
  resolved "https://registry.npm.taobao.org/which/download/which-1.3.1.tgz#a45043d54f5805316da8d62f9f50918d3da70b0a"
  integrity sha1-pFBD1U9YBTFtqNYvn1CRjT2nCwo=
  dependencies:
    isexe "^2.0.0"

yallist@^2.1.2:
  version "2.1.2"
  resolved "https://registry.npm.taobao.org/yallist/download/yallist-2.1.2.tgz#1c11f9218f076089a47dd512f93c6699a6a81d52"
  integrity sha1-HBH5IY8HYImkfdUS+TxmmaaoHVI=

yorkie@^2.0.0:
  version "2.0.0"
  resolved "https://registry.npm.taobao.org/yorkie/download/yorkie-2.0.0.tgz#92411912d435214e12c51c2ae1093e54b6bb83d9"
  integrity sha1-kkEZEtQ1IU4SxRwq4Qk+VLa7g9k=
  dependencies:
    execa "^0.8.0"
    is-ci "^1.0.10"
    normalize-path "^1.0.0"
    strip-indent "^2.0.0"
